<?xml version="1.0" encoding="utf-8"?>
<Project ToolsVersion="4.0" xmlns="http://schemas.microsoft.com/developer/msbuild/2003">
  <ItemGroup>
    <Filter Include="Header files">
      <UniqueIdentifier>{93995380-89BD-4b04-88EB-625FBE52EBFB}</UniqueIdentifier>
      <Extensions>h;hh;hpp;hxx;hm;inl;inc;xsd</Extensions>
    </Filter>
    <Filter Include="Source files">
      <UniqueIdentifier>{4FC737F1-C7A5-4376-A066-2A32D752A2FF}</UniqueIdentifier>
      <Extensions>cpp;c;cc;cxx;def;odl;idl;hpj;bat;asm;asmx</Extensions>
    </Filter>
    <Filter Include="Resource files">
      <UniqueIdentifier>{67DA6AB6-F800-4c08-8B7A-83BB121AAD01}</UniqueIdentifier>
      <Extensions>rc;ico;cur;bmp;dlg;rc2;rct;bin;rgs;gif;jpg;jpeg;jpe;resx;tiff;tif;png;wav;mfcribbon-ms</Extensions>
    </Filter>
  </ItemGroup>
  <ItemGroup>
    <ClInclude Include="extra\CLuaArgument.h">
      <Filter>Header files</Filter>
    </ClInclude>
    <ClInclude Include="extra\CLuaArguments.h">
      <Filter>Header files</Filter>
    </ClInclude>
    <ClInclude Include="Common.h">
      <Filter>Header files</Filter>
    </ClInclude>
    <ClInclude Include="ml_base.h">
      <Filter>Header files</Filter>
    </ClInclude>
    <ClInclude Include="CFunctions.h">
      <Filter>Header files</Filter>
    </ClInclude>
    <ClInclude Include="lib\blowfish\ow-crypt.h">
      <Filter>Header files</Filter>
    </ClInclude>
    <ClInclude Include="lib\blowfish\crypt.h">
      <Filter>Header files</Filter>
    </ClInclude>
    <ClInclude Include="lib\blowfish\crypt_blowfish.h">
      <Filter>Header files</Filter>
    </ClInclude>
    <ClInclude Include="lib\blowfish\crypt_gensalt.h">
      <Filter>Header files</Filter>
    </ClInclude>
  </ItemGroup>
  <ItemGroup>
    <ClCompile Include="ml_base.cpp">
      <Filter>Source files</Filter>
    </ClCompile>
    <ClCompile Include="CFunctions.cpp">
      <Filter>Source files</Filter>
    </ClCompile>
    <ClCompile Include="extra\CLuaArguments.cpp">
      <Filter>Source files</Filter>
    </ClCompile>
    <ClCompile Include="extra\CLuaArgument.cpp">
      <Filter>Source files</Filter>
    </ClCompile>
    <ClCompile Include="lib\blowfish\crypt_blowfish.c">
      <Filter>Source files</Filter>
    </ClCompile>
    <ClCompile Include="lib\blowfish\crypt_gensalt.c">
      <Filter>Source files</Filter>
    </ClCompile>
    <ClCompile Include="lib\blowfish\wrapper.c">
      <Filter>Source files</Filter>
    </ClCompile>
  </ItemGroup>
  <ItemGroup>
    <None Include="lib\blowfish\x86.S">
      <Filter>Source files</Filter>
    </None>
  </ItemGroup>
</Project>